// !$*UTF8*$!
{
	archiveVersion = 1;
	classes = {
	};
	objectVersion = 46;
	objects = {

/* Begin PBXBuildFile section */
		79654AD91A46C10D0036F450 /* AppDelegate.swift in Sources */ = {isa = PBXBuildFile; fileRef = 79654AD81A46C10D0036F450 /* AppDelegate.swift */; };
		79654ADE1A46C10D0036F450 /* Main.storyboard in Resources */ = {isa = PBXBuildFile; fileRef = 79654ADC1A46C10D0036F450 /* Main.storyboard */; };
		79654AE01A46C10D0036F450 /* Images.xcassets in Resources */ = {isa = PBXBuildFile; fileRef = 79654ADF1A46C10D0036F450 /* Images.xcassets */; };
		79654AE31A46C10D0036F450 /* LaunchScreen.xib in Resources */ = {isa = PBXBuildFile; fileRef = 79654AE11A46C10D0036F450 /* LaunchScreen.xib */; };
		79654AFB1A46C4BD0036F450 /* NewsListTableViewController.swift in Sources */ = {isa = PBXBuildFile; fileRef = 79654AFA1A46C4BD0036F450 /* NewsListTableViewController.swift */; };
		79654AFD1A46CE5E0036F450 /* NewsItem.swift in Sources */ = {isa = PBXBuildFile; fileRef = 79654AFC1A46CE5E0036F450 /* NewsItem.swift */; };
/* End PBXBuildFile section */

/* Begin PBXFileReference section */
		79654AD31A46C10D0036F450 /* NewsSwift.app */ = {isa = PBXFileReference; explicitFileType = wrapper.application; includeInIndex = 0; path = NewsSwift.app; sourceTree = BUILT_PRODUCTS_DIR; };
		79654AD71A46C10D0036F450 /* Info.plist */ = {isa = PBXFileReference; lastKnownFileType = text.plist.xml; path = Info.plist; sourceTree = "<group>"; };
		79654AD81A46C10D0036F450 /* AppDelegate.swift */ = {isa = PBXFileReference; lastKnownFileType = sourcecode.swift; path = AppDelegate.swift; sourceTree = "<group>"; };
		79654ADD1A46C10D0036F450 /* Base */ = {isa = PBXFileReference; lastKnownFileType = file.storyboard; name = Base; path = Base.lproj/Main.storyboard; sourceTree = "<group>"; };
		79654ADF1A46C10D0036F450 /* Images.xcassets */ = {isa = PBXFileReference; lastKnownFileType = folder.assetcatalog; path = Images.xcassets; sourceTree = "<group>"; };
		79654AE21A46C10D0036F450 /* Base */ = {isa = PBXFileReference; lastKnownFileType = file.xib; name = Base; path = Base.lproj/LaunchScreen.xib; sourceTree = "<group>"; };
		79654AFA1A46C4BD0036F450 /* NewsListTableViewController.swift */ = {isa = PBXFileReference; fileEncoding = 4; lastKnownFileType = sourcecode.swift; path = NewsListTableViewController.swift; sourceTree = "<group>"; };
		79654AFC1A46CE5E0036F450 /* NewsItem.swift */ = {isa = PBXFileReference; fileEncoding = 4; lastKnownFileType = sourcecode.swift; path = NewsItem.swift; sourceTree = "<group>"; };
/* End PBXFileReference section */

/* Begin PBXFrameworksBuildPhase section */
		79654AD01A46C10D0036F450 /* Frameworks */ = {
			isa = PBXFrameworksBuildPhase;
			buildActionMask = 2147483647;
			files = (
			);
			runOnlyForDeploymentPostprocessing = 0;
		};
/* End PBXFrameworksBuildPhase section */

/* Begin PBXGroup section */
		79654ACA1A46C10D0036F450 = {
			isa = PBXGroup;
			children = (
				79654AD51A46C10D0036F450 /* NewsSwift */,
				79654AD41A46C10D0036F450 /* Products */,
			);
			sourceTree = "<group>";
		};
		79654AD41A46C10D0036F450 /* Products */ = {
			isa = PBXGroup;
			children = (
				79654AD31A46C10D0036F450 /* NewsSwift.app */,
			);
			name = Products;
			sourceTree = "<group>";
		};
		79654AD51A46C10D0036F450 /* NewsSwift */ = {
			isa = PBXGroup;
			children = (
				79654AD81A46C10D0036F450 /* AppDelegate.swift */,
				79654AFA1A46C4BD0036F450 /* NewsListTableViewController.swift */,
				79654AFC1A46CE5E0036F450 /* NewsItem.swift */,
				79654AD61A46C10D0036F450 /* Supporting Files */,
			);
			path = NewsSwift;
			sourceTree = "<group>";
		};
		79654AD61A46C10D0036F450 /* Supporting Files */ = {
			isa = PBXGroup;
			children = (
				79654ADC1A46C10D0036F450 /* Main.storyboard */,
				79654ADF1A46C10D0036F450 /* Images.xcassets */,
				79654AE11A46C10D0036F450 /* LaunchScreen.xib */,
				79654AD71A46C10D0036F450 /* Info.plist */,
			);
			name = "Supporting Files";
			sourceTree = "<group>";
		};
/* End PBXGroup section */

/* Begin PBXNativeTarget section */
		79654AD21A46C10D0036F450 /* NewsSwift */ = {
			isa = PBXNativeTarget;
			buildConfigurationList = 79654AF21A46C10D0036F450 /* Build configuration list for PBXNativeTarget "NewsSwift" */;
			buildPhases = (
				79654ACF1A46C10D0036F450 /* Sources */,
				79654AD01A46C10D0036F450 /* Frameworks */,
				79654AD11A46C10D0036F450 /* Resources */,
			);
			buildRules = (
			);
			dependencies = (
			);
			name = NewsSwift;
			productName = NewsSwift;
			productReference = 79654AD31A46C10D0036F450 /* NewsSwift.app */;
			productType = "com.apple.product-type.application";
		};
/* End PBXNativeTarget section */

/* Begin PBXProject section */
		79654ACB1A46C10D0036F450 /* Project object */ = {
			isa = PBXProject;
			attributes = {
				LastUpgradeCheck = 0610;
				ORGANIZATIONNAME = wangdehuai;
				TargetAttributes = {
					79654AD21A46C10D0036F450 = {
						CreatedOnToolsVersion = 6.1.1;
						DevelopmentTeam = 89NJ4LG4R8;
					};
				};
			};
			buildConfigurationList = 79654ACE1A46C10D0036F450 /* Build configuration list for PBXProject "NewsSwift" */;
			compatibilityVersion = "Xcode 3.2";
			developmentRegion = English;
			hasScannedForEncodings = 0;
			knownRegions = (
				English,
				en,
				Base,
			);
			mainGroup = 79654ACA1A46C10D0036F450;
			productRefGroup = 79654AD41A46C10D0036F450 /* Products */;
			projectDirPath = "";
			projectRoot = "";
			targets = (
				79654AD21A46C10D0036F450 /* NewsSwift */,
			);
		};
/* End PBXProject section */

/* Begin PBXResourcesBuildPhase section */
		79654AD11A46C10D0036F450 /* Resources */ = {
			isa = PBXResourcesBuildPhase;
			buildActionMask = 2147483647;
			files = (
				79654ADE1A46C10D0036F450 /* Main.storyboard in Resources */,
				79654AE31A46C10D0036F450 /* LaunchScreen.xib in Resources */,
				79654AE01A46C10D0036F450 /* Images.xcassets in Resources */,
			);
			runOnlyForDeploymentPostprocessing = 0;
		};
/* End PBXResourcesBuildPhase section */

/* Begin PBXSourcesBuildPhase section */
		79654ACF1A46C10D0036F450 /* Sources */ = {
			isa = PBXSourcesBuildPhase;
			buildActionMask = 2147483647;
			files = (
				79654AFD1A46CE5E0036F450 /* NewsItem.swift in Sources */,
				79654AFB1A46C4BD0036F450 /* NewsListTableViewController.swift in Sources */,
				79654AD91A46C10D0036F450 /* AppDelegate.swift in Sources */,
			);
			runOnlyForDeploymentPostprocessing = 0;
		};
/* End PBXSourcesBuildPhase section */

/* Begin PBXVariantGroup section */
		79654ADC1A46C10D0036F450 /* Main.storyboard */ = {
			isa = PBXVariantGroup;
			children = (
				79654ADD1A46C10D0036F450 /* Base */,
			);
			name = Main.storyboard;
			sourceTree = "<group>";
		};
		79654AE11A46C10D0036F450 /* LaunchScreen.xib */ = {
			isa = PBXVariantGroup;
			children = (
				79654AE21A46C10D0036F450 /* Base */,
			);
			name = LaunchScreen.xib;
			sourceTree = "<group>";
		};
/* End PBXVariantGroup section */

/* Begin XCBuildConfiguration section */
		79654AF01A46C10D0036F450 /* Debug */ = {
			isa = XCBuildConfiguration;
			buildSettings = {
				ALWAYS_SEARCH_USER_PATHS = NO;
				CLANG_CXX_LANGUAGE_STANDARD = "gnu++0x";
				CLANG_CXX_LIBRARY = "libc++";
				CLANG_ENABLE_MODULES = YES;
				CLANG_ENABLE_OBJC_ARC = YES;
				CLANG_WARN_BOOL_CONVERSION = YES;
				CLANG_WARN_CONSTANT_CONVERSION = YES;
				CLANG_WARN_DIRECT_OBJC_ISA_USAGE = YES_ERROR;
				CLANG_WARN_EMPTY_BODY = YES;
				CLANG_WARN_ENUM_CONVERSION = YES;
				CLANG_WARN_INT_CONVERSION = YES;
				CLANG_WARN_OBJC_ROOT_CLASS = YES_ERROR;
				CLANG_WARN_UNREACHABLE_CODE = YES;
				CLANG_WARN__DUPLICATE_METHOD_MATCH = YES;
				"CODE_SIGN_IDENTITY[sdk=iphoneos*]" = "iPhone Developer";
				COPY_PHASE_STRIP = NO;
				ENABLE_STRICT_OBJC_MSGSEND = YES;
				GCC_C_LANGUAGE_STANDARD = gnu99;
				GCC_DYNAMIC_NO_PIC = NO;
				GCC_OPTIMIZATION_LEVEL = 0;
				GCC_PREPROCESSOR_DEFINITIONS = (
					"DEBUG=1",
					"$(inherited)",
				);
				GCC_SYMBOLS_PRIVATE_EXTERN = NO;
				GCC_WARN_64_TO_32_BIT_CONVERSION = YES;
				GCC_WARN_ABOUT_RETURN_TYPE = YES_ERROR;
				GCC_WARN_UNDECLARED_SELECTOR = YES;
				GCC_WARN_UNINITIALIZED_AUTOS = YES_AGGRESSIVE;
				GCC_WARN_UNUSED_FUNCTION = YES;
				GCC_WARN_UNUSED_VARIABLE = YES;
				IPHONEOS_DEPLOYMENT_TARGET = 8.1;
				MTL_ENABLE_DEBUG_INFO = YES;
				ONLY_ACTIVE_ARCH = YES;
				SDKROOT = iphoneos;
				SWIFT_OPTIMIZATION_LEVEL = "-Onone";
			};
			name = Debug;
		};
		79654AF11A46C10D0036F450 /* Release */ = {
			isa = XCBuildConfiguration;
			buildSettings = {
				ALWAYS_SEARCH_USER_PATHS = NO;
				CLANG_CXX_LANGUAGE_STANDARD = "gnu++0x";
				CLANG_CXX_LIBRARY = "libc++";
				CLANG_ENABLE_MODULES = YES;
				CLANG_ENABLE_OBJC_ARC = YES;
				CLANG_WARN_BOOL_CONVERSION = YES;
				CLANG_WARN_CONSTANT_CONVERSION = YES;
				CLANG_WARN_DIRECT_OBJC_ISA_USAGE = YES_ERROR;
				CLANG_WARN_EMPTY_BODY = YES;
				CLANG_WARN_ENUM_CONVERSION = YES;
				CLANG_WARN_INT_CONVERSION = YES;
				CLANG_WARN_OBJC_ROOT_CLASS = YES_ERROR;
				CLANG_WARN_UNREACHABLE_CODE = YES;
				CLANG_WARN__DUPLICATE_METHOD_MATCH = YES;
				"CODE_SIGN_IDENTITY[sdk=iphoneos*]" = "iPhone Developer";
				COPY_PHASE_STRIP = YES;
				ENABLE_NS_ASSERTIONS = NO;
				ENABLE_STRICT_OBJC_MSGSEND = YES;
				GCC_C_LANGUAGE_STANDARD = gnu99;
				GCC_WARN_64_TO_32_BIT_CONVERSION = YES;
				GCC_WARN_ABOUT_RETURN_TYPE = YES_ERROR;
				GCC_WARN_UNDECLARED_SELECTOR = YES;
				GCC_WARN_UNINITIALIZED_AUTOS = YES_AGGRESSIVE;
				GCC_WARN_UNUSED_FUNCTION = YES;
				GCC_WARN_UNUSED_VARIABLE = YES;
				IPHONEOS_DEPLOYMENT_TARGET = 8.1;
				MTL_ENABLE_DEBUG_INFO = NO;
				SDKROOT = iphoneos;
				VALIDATE_PRODUCT = YES;
			};
			name = Release;
		};
		79654AF31A46C10D0036F450 /* Debug */ = {
			isa = XCBuildConfiguration;
			buildSettings = {
				ASSETCATALOG_COMPILER_APPICON_NAME = AppIcon;
				DEVELOPMENT_TEAM = 89NJ4LG4R8;
				INFOPLIST_FILE = NewsSwift/Info.plist;
				IPHONEOS_DEPLOYMENT_TARGET = 10.0;
				LD_RUNPATH_SEARCH_PATHS = "$(inherited) @executable_path/Frameworks";
				PRODUCT_NAME = "$(TARGET_NAME)";
				SWIFT_VERSION = 5.0;
			};
			name = Debug;
		};
		79654AF41A46C10D0036F450 /* Release */ = {
			isa = XCBuildConfiguration;
			buildSettings = {
				ASSETCATALOG_COMPILER_APPICON_NAME = AppIcon;
				DEVELOPMENT_TEAM = 89NJ4LG4R8;
				INFOPLIST_FILE = NewsSwift/Info.plist;
				IPHONEOS_DEPLOYMENT_TARGET = 10.0;
				LD_RUNPATH_SEARCH_PATHS = "$(inherited) @executable_path/Frameworks";
				PRODUCT_NAME = "$(TARGET_NAME)";
				SWIFT_VERSION = 5.0;
			};
			name = Release;
		};
/* End XCBuildConfiguration section */

/* Begin XCConfigurationList section */
		79654ACE1A46C10D0036F450 /* Build configuration list for PBXProject "NewsSwift" */ = {
			isa = XCConfigurationList;
			buildConfigurations = (
				79654AF01A46C10D0036F450 /* Debug */,
				79654AF11A46C10D0036F450 /* Release */,
			);
			defaultConfigurationIsVisible = 0;
			defaultConfigurationName = Release;
		};
		79654AF21A46C10D0036F450 /* Build configuration list for PBXNativeTarget "NewsSwift" */ = {
			isa = XCConfigurationList;
			buildConfigurations = (
				79654AF31A46C10D0036F450 /* Debug */,
				79654AF41A46C10D0036F450 /* Release */,
			);
			defaultConfigurationIsVisible = 0;
			defaultConfigurationName = Release;
		};
/* End XCConfigurationList section */
	};
	rootObject = 79654ACB1A46C10D0036F450 /* Project object */;
}
